
Microsoft Visual Studio Solution File, Format Version 12.00
# Visual Studio Version 17
VisualStudioVersion = 17.10.34928.147
MinimumVisualStudioVersion = 10.0.40219.1
Project("{FAE04EC0-301F-11D3-BF4B-00C04F79EFBC}") = "WpfApp1", "WpfApp1.csproj", "{B6C05CB0-EB30-4966-9C97-214D9C127477}"
EndProject
Global
	GlobalSection(SolutionConfigurationPlatforms) = preSolution
		Debug|Any CPU = Debug|Any CPU
		Release|Any CPU = Release|Any CPU
	EndGlobalSection
	GlobalSection(ProjectConfigurationPlatforms) = postSolution
		{B6C05CB0-EB30-4966-9C97-214D9C127477}.Debug|Any CPU.ActiveCfg = Debug|Any CPU
		{B6C05CB0-EB30-4966-9C97-214D9C127477}.Debug|Any CPU.Build.0 = Debug|Any CPU
		{B6C05CB0-EB30-4966-9C97-214D9C127477}.Release|Any CPU.ActiveCfg = Release|Any CPU
		{B6C05CB0-EB30-4966-9C97-214D9C127477}.Release|Any CPU.Build.0 = Release|Any CPU
	EndGlobalSection
	GlobalSection(SolutionProperties) = preSolution
		HideSolutionNode = FALSE
	EndGlobalSection
	GlobalSection(ExtensibilityGlobals) = postSolution
		SolutionGuid = {FAE24DEF-EF99-451B-B28A-AB21F1510D6C}
	EndGlobalSection
EndGlobal
